
Microsoft Visual Studio Solution File, Format Version 12.00
# Visual Studio Version 18
VisualStudioVersion = 18.0.11222.15 d18.0
MinimumVisualStudioVersion = 10.0.40219.1
Project("{FAE04EC0-301F-11D3-BF4B-00C04F79EFBC}") = "Designli.Api", "Designli.Api\Designli.Api.csproj", "{4AF519D6-4120-4A20-9665-7087B5360EFE}"
EndProject
Project("{FAE04EC0-301F-11D3-BF4B-00C04F79EFBC}") = "Designli.Domain", "Designli.Domain\Designli.Domain.csproj", "{A767EE16-26AD-4858-8C34-671455E7877A}"
EndProject
Project("{FAE04EC0-301F-11D3-BF4B-00C04F79EFBC}") = "Designli.Application", "Designli.Application\Designli.Application.csproj", "{EE6A08D2-022A-4452-A693-67F29409D851}"
EndProject
Project("{FAE04EC0-301F-11D3-BF4B-00C04F79EFBC}") = "Designli.Infrastructure", "Designli.Infrastructure\Designli.Infrastructure.csproj", "{D53A272B-6CB4-48C2-B1AF-90D63E4C59C7}"
EndProject
Project("{FAE04EC0-301F-11D3-BF4B-00C04F79EFBC}") = "Designli.Web", "Designli.Web\Designli.Web.csproj", "{96B7B365-D886-4871-A290-60793A7D598D}"
EndProject
Project("{FAE04EC0-301F-11D3-BF4B-00C04F79EFBC}") = "Designli.Tests", "Designli.Tests\Designli.Tests.csproj", "{CEC4A0FF-95CD-3939-13CB-E1B42B0E84CD}"
EndProject
Global
	GlobalSection(SolutionConfigurationPlatforms) = preSolution
		Debug|Any CPU = Debug|Any CPU
		Debug|x64 = Debug|x64
		Debug|x86 = Debug|x86
		Release|Any CPU = Release|Any CPU
		Release|x64 = Release|x64
		Release|x86 = Release|x86
	EndGlobalSection
	GlobalSection(ProjectConfigurationPlatforms) = postSolution
		{4AF519D6-4120-4A20-9665-7087B5360EFE}.Debug|Any CPU.ActiveCfg = Debug|Any CPU
		{4AF519D6-4120-4A20-9665-7087B5360EFE}.Debug|Any CPU.Build.0 = Debug|Any CPU
		{4AF519D6-4120-4A20-9665-7087B5360EFE}.Debug|x64.ActiveCfg = Debug|Any CPU
		{4AF519D6-4120-4A20-9665-7087B5360EFE}.Debug|x64.Build.0 = Debug|Any CPU
		{4AF519D6-4120-4A20-9665-7087B5360EFE}.Debug|x86.ActiveCfg = Debug|Any CPU
		{4AF519D6-4120-4A20-9665-7087B5360EFE}.Debug|x86.Build.0 = Debug|Any CPU
		{4AF519D6-4120-4A20-9665-7087B5360EFE}.Release|Any CPU.ActiveCfg = Release|Any CPU
		{4AF519D6-4120-4A20-9665-7087B5360EFE}.Release|Any CPU.Build.0 = Release|Any CPU
		{4AF519D6-4120-4A20-9665-7087B5360EFE}.Release|x64.ActiveCfg = Release|Any CPU
		{4AF519D6-4120-4A20-9665-7087B5360EFE}.Release|x64.Build.0 = Release|Any CPU
		{4AF519D6-4120-4A20-9665-7087B5360EFE}.Release|x86.ActiveCfg = Release|Any CPU
		{4AF519D6-4120-4A20-9665-7087B5360EFE}.Release|x86.Build.0 = Release|Any CPU
		{A767EE16-26AD-4858-8C34-671455E7877A}.Debug|Any CPU.ActiveCfg = Debug|Any CPU
		{A767EE16-26AD-4858-8C34-671455E7877A}.Debug|Any CPU.Build.0 = Debug|Any CPU
		{A767EE16-26AD-4858-8C34-671455E7877A}.Debug|x64.ActiveCfg = Debug|Any CPU
		{A767EE16-26AD-4858-8C34-671455E7877A}.Debug|x64.Build.0 = Debug|Any CPU
		{A767EE16-26AD-4858-8C34-671455E7877A}.Debug|x86.ActiveCfg = Debug|Any CPU
		{A767EE16-26AD-4858-8C34-671455E7877A}.Debug|x86.Build.0 = Debug|Any CPU
		{A767EE16-26AD-4858-8C34-671455E7877A}.Release|Any CPU.ActiveCfg = Release|Any CPU
		{A767EE16-26AD-4858-8C34-671455E7877A}.Release|Any CPU.Build.0 = Release|Any CPU
		{A767EE16-26AD-4858-8C34-671455E7877A}.Release|x64.ActiveCfg = Release|Any CPU
		{A767EE16-26AD-4858-8C34-671455E7877A}.Release|x64.Build.0 = Release|Any CPU
		{A767EE16-26AD-4858-8C34-671455E7877A}.Release|x86.ActiveCfg = Release|Any CPU
		{A767EE16-26AD-4858-8C34-671455E7877A}.Release|x86.Build.0 = Release|Any CPU
		{EE6A08D2-022A-4452-A693-67F29409D851}.Debug|Any CPU.ActiveCfg = Debug|Any CPU
		{EE6A08D2-022A-4452-A693-67F29409D851}.Debug|Any CPU.Build.0 = Debug|Any CPU
		{EE6A08D2-022A-4452-A693-67F29409D851}.Debug|x64.ActiveCfg = Debug|Any CPU
		{EE6A08D2-022A-4452-A693-67F29409D851}.Debug|x64.Build.0 = Debug|Any CPU
		{EE6A08D2-022A-4452-A693-67F29409D851}.Debug|x86.ActiveCfg = Debug|Any CPU
		{EE6A08D2-022A-4452-A693-67F29409D851}.Debug|x86.Build.0 = Debug|Any CPU
		{EE6A08D2-022A-4452-A693-67F29409D851}.Release|Any CPU.ActiveCfg = Release|Any CPU
		{EE6A08D2-022A-4452-A693-67F29409D851}.Release|Any CPU.Build.0 = Release|Any CPU
		{EE6A08D2-022A-4452-A693-67F29409D851}.Release|x64.ActiveCfg = Release|Any CPU
		{EE6A08D2-022A-4452-A693-67F29409D851}.Release|x64.Build.0 = Release|Any CPU
		{EE6A08D2-022A-4452-A693-67F29409D851}.Release|x86.ActiveCfg = Release|Any CPU
		{EE6A08D2-022A-4452-A693-67F29409D851}.Release|x86.Build.0 = Release|Any CPU
		{D53A272B-6CB4-48C2-B1AF-90D63E4C59C7}.Debug|Any CPU.ActiveCfg = Debug|Any CPU
		{D53A272B-6CB4-48C2-B1AF-90D63E4C59C7}.Debug|Any CPU.Build.0 = Debug|Any CPU
		{D53A272B-6CB4-48C2-B1AF-90D63E4C59C7}.Debug|x64.ActiveCfg = Debug|Any CPU
		{D53A272B-6CB4-48C2-B1AF-90D63E4C59C7}.Debug|x64.Build.0 = Debug|Any CPU
		{D53A272B-6CB4-48C2-B1AF-90D63E4C59C7}.Debug|x86.ActiveCfg = Debug|Any CPU
		{D53A272B-6CB4-48C2-B1AF-90D63E4C59C7}.Debug|x86.Build.0 = Debug|Any CPU
		{D53A272B-6CB4-48C2-B1AF-90D63E4C59C7}.Release|Any CPU.ActiveCfg = Release|Any CPU
		{D53A272B-6CB4-48C2-B1AF-90D63E4C59C7}.Release|Any CPU.Build.0 = Release|Any CPU
		{D53A272B-6CB4-48C2-B1AF-90D63E4C59C7}.Release|x64.ActiveCfg = Release|Any CPU
		{D53A272B-6CB4-48C2-B1AF-90D63E4C59C7}.Release|x64.Build.0 = Release|Any CPU
		{D53A272B-6CB4-48C2-B1AF-90D63E4C59C7}.Release|x86.ActiveCfg = Release|Any CPU
		{D53A272B-6CB4-48C2-B1AF-90D63E4C59C7}.Release|x86.Build.0 = Release|Any CPU
		{96B7B365-D886-4871-A290-60793A7D598D}.Debug|Any CPU.ActiveCfg = Debug|Any CPU
		{96B7B365-D886-4871-A290-60793A7D598D}.Debug|Any CPU.Build.0 = Debug|Any CPU
		{96B7B365-D886-4871-A290-60793A7D598D}.Debug|x64.ActiveCfg = Debug|Any CPU
		{96B7B365-D886-4871-A290-60793A7D598D}.Debug|x64.Build.0 = Debug|Any CPU
		{96B7B365-D886-4871-A290-60793A7D598D}.Debug|x86.ActiveCfg = Debug|Any CPU
		{96B7B365-D886-4871-A290-60793A7D598D}.Debug|x86.Build.0 = Debug|Any CPU
		{96B7B365-D886-4871-A290-60793A7D598D}.Release|Any CPU.ActiveCfg = Release|Any CPU
		{96B7B365-D886-4871-A290-60793A7D598D}.Release|Any CPU.Build.0 = Release|Any CPU
		{96B7B365-D886-4871-A290-60793A7D598D}.Release|x64.ActiveCfg = Release|Any CPU
		{96B7B365-D886-4871-A290-60793A7D598D}.Release|x64.Build.0 = Release|Any CPU
		{96B7B365-D886-4871-A290-60793A7D598D}.Release|x86.ActiveCfg = Release|Any CPU
		{96B7B365-D886-4871-A290-60793A7D598D}.Release|x86.Build.0 = Release|Any CPU
		{CEC4A0FF-95CD-3939-13CB-E1B42B0E84CD}.Debug|Any CPU.ActiveCfg = Debug|Any CPU
		{CEC4A0FF-95CD-3939-13CB-E1B42B0E84CD}.Debug|Any CPU.Build.0 = Debug|Any CPU
		{CEC4A0FF-95CD-3939-13CB-E1B42B0E84CD}.Debug|x64.ActiveCfg = Debug|Any CPU
		{CEC4A0FF-95CD-3939-13CB-E1B42B0E84CD}.Debug|x64.Build.0 = Debug|Any CPU
		{CEC4A0FF-95CD-3939-13CB-E1B42B0E84CD}.Debug|x86.ActiveCfg = Debug|Any CPU
		{CEC4A0FF-95CD-3939-13CB-E1B42B0E84CD}.Debug|x86.Build.0 = Debug|Any CPU
		{CEC4A0FF-95CD-3939-13CB-E1B42B0E84CD}.Release|Any CPU.ActiveCfg = Release|Any CPU
		{CEC4A0FF-95CD-3939-13CB-E1B42B0E84CD}.Release|Any CPU.Build.0 = Release|Any CPU
		{CEC4A0FF-95CD-3939-13CB-E1B42B0E84CD}.Release|x64.ActiveCfg = Release|Any CPU
		{CEC4A0FF-95CD-3939-13CB-E1B42B0E84CD}.Release|x64.Build.0 = Release|Any CPU
		{CEC4A0FF-95CD-3939-13CB-E1B42B0E84CD}.Release|x86.ActiveCfg = Release|Any CPU
		{CEC4A0FF-95CD-3939-13CB-E1B42B0E84CD}.Release|x86.Build.0 = Release|Any CPU
	EndGlobalSection
	GlobalSection(SolutionProperties) = preSolution
		HideSolutionNode = FALSE
	EndGlobalSection
	GlobalSection(ExtensibilityGlobals) = postSolution
		SolutionGuid = {7AB9C7BB-1ECF-434B-A3BC-2A7CF1B85620}
	EndGlobalSection
EndGlobal
